
Microsoft Visual Studio Solution File, Format Version 12.00
# Visual Studio 15
VisualStudioVersion = 15.0.28307.106
MinimumVisualStudioVersion = 10.0.40219.1
Project("{FAE04EC0-301F-11D3-BF4B-00C04F79EFBC}") = "UsbChargerGui", "UsbChargerGui\UsbChargerGui.csproj", "{55CE701C-2E02-4DFB-83E5-8FBCBFB584AA}"
EndProject
Global
	GlobalSection(SolutionConfigurationPlatforms) = preSolution
		Debug|Any CPU = Debug|Any CPU
		Release|Any CPU = Release|Any CPU
	EndGlobalSection
	GlobalSection(ProjectConfigurationPlatforms) = postSolution
		{55CE701C-2E02-4DFB-83E5-8FBCBFB584AA}.Debug|Any CPU.ActiveCfg = Debug|Any CPU
		{55CE701C-2E02-4DFB-83E5-8FBCBFB584AA}.Debug|Any CPU.Build.0 = Debug|Any CPU
		{55CE701C-2E02-4DFB-83E5-8FBCBFB584AA}.Release|Any CPU.ActiveCfg = Release|Any CPU
		{55CE701C-2E02-4DFB-83E5-8FBCBFB584AA}.Release|Any CPU.Build.0 = Release|Any CPU
	EndGlobalSection
	GlobalSection(SolutionProperties) = preSolution
		HideSolutionNode = FALSE
	EndGlobalSection
	GlobalSection(ExtensibilityGlobals) = postSolution
		SolutionGuid = {7DCEB7AB-B533-47B6-9D01-852024F04A44}
	EndGlobalSection
EndGlobal
